
Microsoft Visual Studio Solution File, Format Version 10.00
# Visual Studio 2008
Project("{FAE04EC0-301F-11D3-BF4B-00C04F79EFBC}") = "OCR.Facultad.Ingenieria.Aplicacion", "OCR.Facultad.Ingenieria.Aplicacion\OCR.Facultad.Ingenieria.Aplicacion.csproj", "{48B955D9-CD49-49F0-ABBF-E9BFC39FD618}"
EndProject
Project("{FAE04EC0-301F-11D3-BF4B-00C04F79EFBC}") = "OCR.Facultad.Ingenieria.ManagerBases", "OCR.Facultad.Ingenieria.ManagerBases\OCR.Facultad.Ingenieria.ManagerBases.csproj", "{C5E84A12-5573-4DD3-A2CC-2A723AEEFE32}"
EndProject
Project("{FAE04EC0-301F-11D3-BF4B-00C04F79EFBC}") = "OCR.Facultad.Ingenieria.Util", "OCR.Facultad.Ingenieria.Util\OCR.Facultad.Ingenieria.Util.csproj", "{31E1D865-28D5-4836-92CB-2CAFE836EBA8}"
EndProject
Project("{FAE04EC0-301F-11D3-BF4B-00C04F79EFBC}") = "OCR.Facultad.Ingenieria.Clases", "OCR.Facultad.Ingenieria.Clases\OCR.Facultad.Ingenieria.Clases.csproj", "{588A83BF-70AA-41BE-BC14-F5B0AF99A236}"
EndProject
Project("{FAE04EC0-301F-11D3-BF4B-00C04F79EFBC}") = "OCR.Facultad.Ingenieria.ControlesWPF", "OCR.Facultad.Ingenieria.ControlesWPF\OCR.Facultad.Ingenieria.ControlesWPF.csproj", "{07957634-684B-4CD8-B41F-148C41C1A04C}"
EndProject
Project("{FAE04EC0-301F-11D3-BF4B-00C04F79EFBC}") = "OCR.Facultad.Ingenieria.MangerBasesXml", "OCR.Facultad.Ingenieria.MangerBasesXml\OCR.Facultad.Ingenieria.MangerBasesXml.csproj", "{0A3AC44C-1C3D-4360-8BB1-6A521FDA496A}"
EndProject
Project("{FAE04EC0-301F-11D3-BF4B-00C04F79EFBC}") = "OCR.Facultad.Ingenieria.Estadisticas", "OCR.Facultad.Ingenieria.Estadisticas\OCR.Facultad.Ingenieria.Estadisticas.csproj", "{99C83FAD-9B54-45CF-A9E7-A3101AE60CDC}"
EndProject
Project("{FAE04EC0-301F-11D3-BF4B-00C04F79EFBC}") = "OCR.Facultad.Ingenieria.Reportes", "OCR.Facultad.Ingenieria.Reportes\OCR.Facultad.Ingenieria.Reportes.csproj", "{70C91AFE-0ED2-4369-9D04-0D5E66E8C87E}"
EndProject
Project("{54435603-DBB4-11D2-8724-00A0C9A8B90C}") = "SetupOcrIngenieria", "SetupOcrIngenieria\SetupOcrIngenieria.vdproj", "{2D01211C-78C9-4141-A146-8F080A4EA72A}"
EndProject
Global
	GlobalSection(SolutionConfigurationPlatforms) = preSolution
		Debug|Any CPU = Debug|Any CPU
		Release|Any CPU = Release|Any CPU
	EndGlobalSection
	GlobalSection(ProjectConfigurationPlatforms) = postSolution
		{48B955D9-CD49-49F0-ABBF-E9BFC39FD618}.Debug|Any CPU.ActiveCfg = Debug|Any CPU
		{48B955D9-CD49-49F0-ABBF-E9BFC39FD618}.Debug|Any CPU.Build.0 = Debug|Any CPU
		{48B955D9-CD49-49F0-ABBF-E9BFC39FD618}.Release|Any CPU.ActiveCfg = Release|Any CPU
		{48B955D9-CD49-49F0-ABBF-E9BFC39FD618}.Release|Any CPU.Build.0 = Release|Any CPU
		{C5E84A12-5573-4DD3-A2CC-2A723AEEFE32}.Debug|Any CPU.ActiveCfg = Debug|Any CPU
		{C5E84A12-5573-4DD3-A2CC-2A723AEEFE32}.Debug|Any CPU.Build.0 = Debug|Any CPU
		{C5E84A12-5573-4DD3-A2CC-2A723AEEFE32}.Release|Any CPU.ActiveCfg = Release|Any CPU
		{C5E84A12-5573-4DD3-A2CC-2A723AEEFE32}.Release|Any CPU.Build.0 = Release|Any CPU
		{31E1D865-28D5-4836-92CB-2CAFE836EBA8}.Debug|Any CPU.ActiveCfg = Debug|Any CPU
		{31E1D865-28D5-4836-92CB-2CAFE836EBA8}.Debug|Any CPU.Build.0 = Debug|Any CPU
		{31E1D865-28D5-4836-92CB-2CAFE836EBA8}.Release|Any CPU.ActiveCfg = Release|Any CPU
		{31E1D865-28D5-4836-92CB-2CAFE836EBA8}.Release|Any CPU.Build.0 = Release|Any CPU
		{588A83BF-70AA-41BE-BC14-F5B0AF99A236}.Debug|Any CPU.ActiveCfg = Debug|Any CPU
		{588A83BF-70AA-41BE-BC14-F5B0AF99A236}.Debug|Any CPU.Build.0 = Debug|Any CPU
		{588A83BF-70AA-41BE-BC14-F5B0AF99A236}.Release|Any CPU.ActiveCfg = Release|Any CPU
		{588A83BF-70AA-41BE-BC14-F5B0AF99A236}.Release|Any CPU.Build.0 = Release|Any CPU
		{07957634-684B-4CD8-B41F-148C41C1A04C}.Debug|Any CPU.ActiveCfg = Debug|Any CPU
		{07957634-684B-4CD8-B41F-148C41C1A04C}.Debug|Any CPU.Build.0 = Debug|Any CPU
		{07957634-684B-4CD8-B41F-148C41C1A04C}.Release|Any CPU.ActiveCfg = Release|Any CPU
		{07957634-684B-4CD8-B41F-148C41C1A04C}.Release|Any CPU.Build.0 = Release|Any CPU
		{0A3AC44C-1C3D-4360-8BB1-6A521FDA496A}.Debug|Any CPU.ActiveCfg = Debug|Any CPU
		{0A3AC44C-1C3D-4360-8BB1-6A521FDA496A}.Debug|Any CPU.Build.0 = Debug|Any CPU
		{0A3AC44C-1C3D-4360-8BB1-6A521FDA496A}.Release|Any CPU.ActiveCfg = Release|Any CPU
		{0A3AC44C-1C3D-4360-8BB1-6A521FDA496A}.Release|Any CPU.Build.0 = Release|Any CPU
		{99C83FAD-9B54-45CF-A9E7-A3101AE60CDC}.Debug|Any CPU.ActiveCfg = Debug|Any CPU
		{99C83FAD-9B54-45CF-A9E7-A3101AE60CDC}.Debug|Any CPU.Build.0 = Debug|Any CPU
		{99C83FAD-9B54-45CF-A9E7-A3101AE60CDC}.Release|Any CPU.ActiveCfg = Release|Any CPU
		{99C83FAD-9B54-45CF-A9E7-A3101AE60CDC}.Release|Any CPU.Build.0 = Release|Any CPU
		{70C91AFE-0ED2-4369-9D04-0D5E66E8C87E}.Debug|Any CPU.ActiveCfg = Debug|Any CPU
		{70C91AFE-0ED2-4369-9D04-0D5E66E8C87E}.Debug|Any CPU.Build.0 = Debug|Any CPU
		{70C91AFE-0ED2-4369-9D04-0D5E66E8C87E}.Release|Any CPU.ActiveCfg = Release|Any CPU
		{70C91AFE-0ED2-4369-9D04-0D5E66E8C87E}.Release|Any CPU.Build.0 = Release|Any CPU
		{2D01211C-78C9-4141-A146-8F080A4EA72A}.Debug|Any CPU.ActiveCfg = Debug
		{2D01211C-78C9-4141-A146-8F080A4EA72A}.Release|Any CPU.ActiveCfg = Release
	EndGlobalSection
	GlobalSection(SolutionProperties) = preSolution
		HideSolutionNode = FALSE
	EndGlobalSection
EndGlobal
